
Microsoft Visual Studio Solution File, Format Version 12.00
# Visual Studio Version 16
VisualStudioVersion = 16.0.29728.190
MinimumVisualStudioVersion = 10.0.40219.1
Project("{FAE04EC0-301F-11D3-BF4B-00C04F79EFBC}") = "IssWebRazorApp", "IssWebRazorApp\IssWebRazorApp.csproj", "{741E6A90-A69C-4A20-8ECF-B55A0C7BFD22}"
EndProject
Global
	GlobalSection(SolutionConfigurationPlatforms) = preSolution
		Debug|Any CPU = Debug|Any CPU
		Release|Any CPU = Release|Any CPU
	EndGlobalSection
	GlobalSection(ProjectConfigurationPlatforms) = postSolution
		{741E6A90-A69C-4A20-8ECF-B55A0C7BFD22}.Debug|Any CPU.ActiveCfg = Debug|Any CPU
		{741E6A90-A69C-4A20-8ECF-B55A0C7BFD22}.Debug|Any CPU.Build.0 = Debug|Any CPU
		{741E6A90-A69C-4A20-8ECF-B55A0C7BFD22}.Release|Any CPU.ActiveCfg = Release|Any CPU
		{741E6A90-A69C-4A20-8ECF-B55A0C7BFD22}.Release|Any CPU.Build.0 = Release|Any CPU
	EndGlobalSection
	GlobalSection(SolutionProperties) = preSolution
		HideSolutionNode = FALSE
	EndGlobalSection
	GlobalSection(ExtensibilityGlobals) = postSolution
		SolutionGuid = {73CAFA15-609D-44DD-9715-29BB53467114}
	EndGlobalSection
EndGlobal
